
Microsoft Visual Studio Solution File, Format Version 12.00
# Visual Studio Version 17
VisualStudioVersion = 17.10.35013.160
MinimumVisualStudioVersion = 10.0.40219.1
Project("{FAE04EC0-301F-11D3-BF4B-00C04F79EFBC}") = "PointOfSale", "PointOfSale\PointOfSale.csproj", "{59AD9B1E-6233-4DAE-84D2-357B36309FEA}"
EndProject
Global
	GlobalSection(SolutionConfigurationPlatforms) = preSolution
		Debug|Any CPU = Debug|Any CPU
		Release|Any CPU = Release|Any CPU
	EndGlobalSection
	GlobalSection(ProjectConfigurationPlatforms) = postSolution
		{59AD9B1E-6233-4DAE-84D2-357B36309FEA}.Debug|Any CPU.ActiveCfg = Debug|Any CPU
		{59AD9B1E-6233-4DAE-84D2-357B36309FEA}.Debug|Any CPU.Build.0 = Debug|Any CPU
		{59AD9B1E-6233-4DAE-84D2-357B36309FEA}.Release|Any CPU.ActiveCfg = Release|Any CPU
		{59AD9B1E-6233-4DAE-84D2-357B36309FEA}.Release|Any CPU.Build.0 = Release|Any CPU
	EndGlobalSection
	GlobalSection(SolutionProperties) = preSolution
		HideSolutionNode = FALSE
	EndGlobalSection
	GlobalSection(ExtensibilityGlobals) = postSolution
		SolutionGuid = {8CC07AF0-B94F-4A2B-9147-B7645AB85943}
	EndGlobalSection
EndGlobal
